
Microsoft Visual Studio Solution File, Format Version 12.00
# Visual Studio Version 16
VisualStudioVersion = 16.0.28803.156
MinimumVisualStudioVersion = 10.0.40219.1
Project("{8BC9CEB8-8B4A-11D0-8D11-00A0C91BC942}") = "HelloWorld", "HelloWorld\HelloWorld.vcxproj", "{B702DA7B-0E30-4253-9A72-2692AE2CEC05}"
EndProject
Project("{8BC9CEB8-8B4A-11D0-8D11-00A0C91BC942}") = "FirstProgram", "FirstProgram\FirstProgram.vcxproj", "{3EFA16C2-4087-49C6-86CE-A79A07F3FF14}"
EndProject
Project("{8BC9CEB8-8B4A-11D0-8D11-00A0C91BC942}") = "AddNumbers", "AddNumbers\AddNumbers.vcxproj", "{D1B32992-871D-4858-84D2-EA1E02C6E92E}"
EndProject
Project("{8BC9CEB8-8B4A-11D0-8D11-00A0C91BC942}") = "Test", "3.x.Quiz\3.x.Quiz.vcxproj", "{DFD0C574-8EC9-45FF-AE43-632ED3215740}"
EndProject
Project("{8BC9CEB8-8B4A-11D0-8D11-00A0C91BC942}") = "CalculateDoubles", "CalculateDoubles\CalculateDoubles.vcxproj", "{84B5FA58-8579-4FEB-93DF-C2EA98ED551F}"
EndProject
Project("{8BC9CEB8-8B4A-11D0-8D11-00A0C91BC942}") = "BallDrop", "BallDrop\BallDrop.vcxproj", "{1ACDD478-12E0-42C4-A98D-571A20A52842}"
EndProject
Project("{8BC9CEB8-8B4A-11D0-8D11-00A0C91BC942}") = "OddEven", "OddEven\OddEven.vcxproj", "{0965CA2E-9934-4544-9181-979315931C6B}"
EndProject
Project("{8BC9CEB8-8B4A-11D0-8D11-00A0C91BC942}") = "PrintBits", "PrintBits\PrintBits.vcxproj", "{12F99F51-B7BB-4589-ADBC-FFF94A697A83}"
EndProject
Project("{8BC9CEB8-8B4A-11D0-8D11-00A0C91BC942}") = "SmallAndLarge", "SmallAndLarge\SmallAndLarge.vcxproj", "{98740D94-2691-4380-B3F3-486EADB2D57F}"
EndProject
Project("{8BC9CEB8-8B4A-11D0-8D11-00A0C91BC942}") = "NameShenanigans", "NameShenanigans\NameShenanigans.vcxproj", "{8FD28F19-3448-4CC0-AE51-92275B4BDBB7}"
EndProject
Project("{8BC9CEB8-8B4A-11D0-8D11-00A0C91BC942}") = "AdvertisingNumbers", "AdvertisingNumbers\AdvertisingNumbers.vcxproj", "{4870FA0E-E565-4D1B-ACB4-F2436D06C1B5}"
EndProject
Project("{8BC9CEB8-8B4A-11D0-8D11-00A0C91BC942}") = "FractionMultiply", "FractionMultiply\FractionMultiply.vcxproj", "{C19A6032-AE18-450D-A674-09545A1F4C8D}"
EndProject
Project("{8BC9CEB8-8B4A-11D0-8D11-00A0C91BC942}") = "GameMonsters", "GameMonsters\GameMonsters.vcxproj", "{1250A4F2-6900-482F-A272-4205DFAB809D}"
EndProject
Project("{8BC9CEB8-8B4A-11D0-8D11-00A0C91BC942}") = "CalculatorBasic", "CalculatorBasic\CalculatorBasic.vcxproj", "{7E2C1F27-EDAB-4717-BF7F-6B686809BA30}"
EndProject
Project("{8BC9CEB8-8B4A-11D0-8D11-00A0C91BC942}") = "AnimalLegs", "AnimalLegs\AnimalLegs.vcxproj", "{8F924EA3-5DE0-46A1-BE34-26379BA2413E}"
EndProject
Project("{8BC9CEB8-8B4A-11D0-8D11-00A0C91BC942}") = "AthroughZ", "AthroughZ\AthroughZ.vcxproj", "{0ADC611A-662D-4A22-8026-D3B551993B00}"
EndProject
Project("{8BC9CEB8-8B4A-11D0-8D11-00A0C91BC942}") = "NestedLoops", "NestedLoops\NestedLoops.vcxproj", "{FFB75A9C-87AC-42D4-BBE3-AF7A4CFAB30A}"
EndProject
Project("{8BC9CEB8-8B4A-11D0-8D11-00A0C91BC942}") = "ForLoopsBasics", "ForLoopsBasics\ForLoopsBasics.vcxproj", "{4F4EB65E-239F-42A7-B17E-75E98F31B672}"
EndProject
Project("{8BC9CEB8-8B4A-11D0-8D11-00A0C91BC942}") = "PrintRandom", "PrintRandom\PrintRandom.vcxproj", "{0F645792-6A09-451B-9C12-0A908747AB83}"
EndProject
Project("{8BC9CEB8-8B4A-11D0-8D11-00A0C91BC942}") = "BallDropComplex", "BallDropComplex\BallDropComplex.vcxproj", "{46E137AB-3C7B-43A0-8400-73C5FDA9764E}"
EndProject
Project("{8BC9CEB8-8B4A-11D0-8D11-00A0C91BC942}") = "HiLoGame", "HiLoGame\HiLoGame.vcxproj", "{A7C94B7E-93FF-44A7-B123-D38136E9916B}"
EndProject
Project("{8BC9CEB8-8B4A-11D0-8D11-00A0C91BC942}") = "PrintLegs", "PrintLegs\PrintLegs.vcxproj", "{59322D5D-22E6-4E76-81A0-B5A4BCA54DAA}"
EndProject
Project("{8BC9CEB8-8B4A-11D0-8D11-00A0C91BC942}") = "ArraySearchSimple", "ArraySearchSimple\ArraySearchSimple.vcxproj", "{3D14FF0E-B439-46B1-AF49-402A8A1C948D}"
EndProject
Project("{8BC9CEB8-8B4A-11D0-8D11-00A0C91BC942}") = "MaxScore", "MaxScore\MaxScore.vcxproj", "{4918C923-8117-45E5-A0B2-832155459203}"
EndProject
Project("{8BC9CEB8-8B4A-11D0-8D11-00A0C91BC942}") = "SelectionSortDescending", "SelectionSortDescending\SelectionSortDescending.vcxproj", "{115C44EA-3E18-4BD3-9EA7-846F01007826}"
EndProject
Project("{8BC9CEB8-8B4A-11D0-8D11-00A0C91BC942}") = "BubbleSort", "BubbleSort\BubbleSort.vcxproj", "{D996ABA5-6400-49A1-8109-2271F2C5F089}"
EndProject
Project("{8BC9CEB8-8B4A-11D0-8D11-00A0C91BC942}") = "PointerCrash", "PointerCrash\PointerCrash.vcxproj", "{F68BD109-D361-4987-ADEB-854EA4479553}"
EndProject
Project("{8BC9CEB8-8B4A-11D0-8D11-00A0C91BC942}") = "SortNames", "SortNames\SortNames.vcxproj", "{B7A91B0E-16B1-4077-B169-DA7BB913A2F4}"
EndProject
Project("{8BC9CEB8-8B4A-11D0-8D11-00A0C91BC942}") = "ForEach", "ForEach\ForEach.vcxproj", "{48E0C84E-9165-4C5C-8A3E-532013FC2580}"
EndProject
Project("{8BC9CEB8-8B4A-11D0-8D11-00A0C91BC942}") = "TotalItems", "TotalItems\TotalItems.vcxproj", "{127B9292-7C2B-45E8-B382-F8E3AA92575A}"
EndProject
Project("{8BC9CEB8-8B4A-11D0-8D11-00A0C91BC942}") = "StudentGrades", "StudentGrades\StudentGrades.vcxproj", "{FF45AB63-DC0B-437E-A9D3-6B7E22A3EC21}"
EndProject
Project("{8BC9CEB8-8B4A-11D0-8D11-00A0C91BC942}") = "SwapInt", "SwapInt\SwapInt.vcxproj", "{2E4C9F0D-A467-4764-BBDF-2F95319F229D}"
EndProject
Project("{8BC9CEB8-8B4A-11D0-8D11-00A0C91BC942}") = "PrintArray", "PrintArray\PrintArray.vcxproj", "{8C50CB41-D553-441D-948F-B1FC575FC951}"
EndProject
Project("{8BC9CEB8-8B4A-11D0-8D11-00A0C91BC942}") = "CardGame", "CardGame\CardGame.vcxproj", "{EC01B4E6-6389-464F-839E-854FDC730182}"
EndProject
Project("{8BC9CEB8-8B4A-11D0-8D11-00A0C91BC942}") = "CalculatorWithPointers", "CalculatorWithPointers\CalculatorWithPointers.vcxproj", "{D190A1EA-7F3B-4380-B0F9-068B5CEF76A6}"
EndProject
Project("{8BC9CEB8-8B4A-11D0-8D11-00A0C91BC942}") = "CalculatorWithPointers2", "CalculatorWithPointers2\CalculatorWithPointers2.vcxproj", "{D3732B99-76A7-4A4C-B900-B80AA7F83009}"
EndProject
Project("{8BC9CEB8-8B4A-11D0-8D11-00A0C91BC942}") = "Factorial", "Factorial\Factorial.vcxproj", "{0DC2431E-B747-428B-8642-98BFC8589BC7}"
EndProject
Project("{8BC9CEB8-8B4A-11D0-8D11-00A0C91BC942}") = "AgrsTest", "AgrsTest\AgrsTest.vcxproj", "{443D1152-DE52-488E-92FC-48DFB68CB1D3}"
EndProject
Project("{8BC9CEB8-8B4A-11D0-8D11-00A0C91BC942}") = "BinarySearch", "BinarySearch\BinarySearch.vcxproj", "{565703C0-1B10-4CD5-88BA-235AC6A22B60}"
EndProject
Project("{8BC9CEB8-8B4A-11D0-8D11-00A0C91BC942}") = "BasicClass", "BasicClass\BasicClass.vcxproj", "{2D90171C-95C3-4542-82CF-4304A2A8F106}"
EndProject
Project("{8BC9CEB8-8B4A-11D0-8D11-00A0C91BC942}") = "ClassPoint3D", "ClassPoint3D\ClassPoint3D.vcxproj", "{E38C0F7A-44A3-4380-927E-22D947C8FE24}"
EndProject
Project("{8BC9CEB8-8B4A-11D0-8D11-00A0C91BC942}") = "ClassStack", "ClassStack\ClassStack.vcxproj", "{B462A9EE-F33D-48E3-A329-17689AD09A65}"
EndProject
Project("{8BC9CEB8-8B4A-11D0-8D11-00A0C91BC942}") = "ClassBall", "ClassBall\ClassBall.vcxproj", "{4F433768-7893-42E9-AA4A-231E01801FFA}"
EndProject
Project("{8BC9CEB8-8B4A-11D0-8D11-00A0C91BC942}") = "ClassRGBA", "ClassRGBA\ClassRGBA.vcxproj", "{E780CBCD-EE0E-4AA0-A4CF-57AF5869857D}"
EndProject
Project("{8BC9CEB8-8B4A-11D0-8D11-00A0C91BC942}") = "ClassBall2", "ClassBall2\ClassBall2.vcxproj", "{F71F07BA-A297-4E77-861E-5FF97B922B96}"
EndProject
Project("{8BC9CEB8-8B4A-11D0-8D11-00A0C91BC942}") = "ClassTest", "ClassTest\ClassTest.vcxproj", "{7FB3CEB1-7363-488D-BE22-20C4362C5897}"
EndProject
Project("{8BC9CEB8-8B4A-11D0-8D11-00A0C91BC942}") = "ClassVector3d", "ClassVector3d\ClassVector3d.vcxproj", "{E82D3F39-9582-4120-8668-2B082F77888C}"
EndProject
Project("{8BC9CEB8-8B4A-11D0-8D11-00A0C91BC942}") = "TimingTest", "TimingTest\TimingTest.vcxproj", "{E7515072-1F5E-4636-A207-48626BCDA0C2}"
EndProject
Project("{8BC9CEB8-8B4A-11D0-8D11-00A0C91BC942}") = "ClassPoint2d", "ClassPoint2d\ClassPoint2d.vcxproj", "{09F6DBA3-5C6F-499C-A5D6-F1B6016DE91E}"
EndProject
Project("{8BC9CEB8-8B4A-11D0-8D11-00A0C91BC942}") = "ClassHelloWorld", "ClassHelloWorld\ClassHelloWorld.vcxproj", "{69E69C23-FEE3-45D1-B37C-AF59DEBCE3A4}"
EndProject
Project("{8BC9CEB8-8B4A-11D0-8D11-00A0C91BC942}") = "ClassRandomMonster", "ClassRandomMonster\ClassRandomMonster.vcxproj", "{85C18973-23B4-4B97-AAA6-5513265DC641}"
EndProject
Project("{8BC9CEB8-8B4A-11D0-8D11-00A0C91BC942}") = "ClassBlackJackGame", "ClassBlackJackGame\ClassBlackJackGame.vcxproj", "{1647D45E-8AFA-4959-9637-FF4420BFEED1}"
EndProject
Project("{8BC9CEB8-8B4A-11D0-8D11-00A0C91BC942}") = "ClassFraction", "ClassFraction\ClassFraction.vcxproj", "{85C526EF-EC3F-46ED-965E-E97B52C27818}"
EndProject
Project("{8BC9CEB8-8B4A-11D0-8D11-00A0C91BC942}") = "ClassIOOverride", "ClassIOOverride\ClassIOOverride.vcxproj", "{8910FCE6-8562-4433-9732-D23340330FAA}"
EndProject
Project("{8BC9CEB8-8B4A-11D0-8D11-00A0C91BC942}") = "ClassCars", "ClassCars\ClassCars.vcxproj", "{3BD8DBFB-CDD5-4E01-B559-ED0A08D83B53}"
EndProject
Project("{8BC9CEB8-8B4A-11D0-8D11-00A0C91BC942}") = "ClassMap", "ClassMap\ClassMap.vcxproj", "{4B93A209-6933-400B-ADB8-BE215C2BBE06}"
EndProject
Project("{8BC9CEB8-8B4A-11D0-8D11-00A0C91BC942}") = "ClassSubstring", "ClassSubstring\ClassSubstring.vcxproj", "{55C8795E-5BC4-44E6-B687-30520C823B31}"
EndProject
Project("{8BC9CEB8-8B4A-11D0-8D11-00A0C91BC942}") = "ClassConversionTest", "ClassConversionTest\ClassConversionTest.vcxproj", "{32481A72-4A76-4F54-A561-E3443A60C24E}"
EndProject
Project("{8BC9CEB8-8B4A-11D0-8D11-00A0C91BC942}") = "ClassCopyInitTest", "ClassCopyInitTest\ClassCopyInitTest.vcxproj", "{8758C7E6-5A14-4E92-8C4A-78EF19FEC813}"
EndProject
Project("{8BC9CEB8-8B4A-11D0-8D11-00A0C91BC942}") = "ClassAverage", "ClassAverage\ClassAverage.vcxproj", "{B51C12A6-D942-4C07-B66A-A875472FDF58}"
EndProject
Project("{8BC9CEB8-8B4A-11D0-8D11-00A0C91BC942}") = "ClassIntArray", "ClassIntArray\ClassIntArray.vcxproj", "{E5013CA3-8DEB-4FCE-87E1-95F7FD9ABDFB}"
EndProject
Project("{8BC9CEB8-8B4A-11D0-8D11-00A0C91BC942}") = "ClassFixedPoint2", "ClassFixedPoint2\ClassFixedPoint2.vcxproj", "{E0760600-3350-4E1D-8AA2-386B8F1DC735}"
EndProject
Project("{8BC9CEB8-8B4A-11D0-8D11-00A0C91BC942}") = "ClassTeacherDept", "ClassTeacherDept\ClassTeacherDept.vcxproj", "{31F91BE5-5F1A-4371-A3A2-C0D745D29CF1}"
EndProject
Project("{8BC9CEB8-8B4A-11D0-8D11-00A0C91BC942}") = "ClassIntArray2", "ClassIntArray2\ClassIntArray2.vcxproj", "{04AAF4F1-E92E-451E-B65E-E645139D2140}"
EndProject
Project("{8BC9CEB8-8B4A-11D0-8D11-00A0C91BC942}") = "ClassFruit", "ClassFruit\ClassFruit.vcxproj", "{278A07AB-1D3D-4914-8FD8-50D1590138B6}"
EndProject
Project("{8BC9CEB8-8B4A-11D0-8D11-00A0C91BC942}") = "ClassFruitQuiz", "ClassFruitQuiz\ClassFruitQuiz.vcxproj", "{A6C8480E-9D70-4CDA-AC46-B2CDFE46ACA0}"
EndProject
Project("{8BC9CEB8-8B4A-11D0-8D11-00A0C91BC942}") = "ClassSimpleGame", "ClassSimpleGame\ClassSimpleGame.vcxproj", "{DB696749-43BB-4411-98E8-A8ABA7B6C74B}"
EndProject
Project("{8BC9CEB8-8B4A-11D0-8D11-00A0C91BC942}") = "ClassAnimal", "ClassAnimal\ClassAnimal.vcxproj", "{8B1AA9F2-F6E4-4307-9175-B0E7510D0D02}"
EndProject
Global
	GlobalSection(SolutionConfigurationPlatforms) = preSolution
		Debug|x64 = Debug|x64
		Debug|x86 = Debug|x86
		Release|x64 = Release|x64
		Release|x86 = Release|x86
	EndGlobalSection
	GlobalSection(ProjectConfigurationPlatforms) = postSolution
		{B702DA7B-0E30-4253-9A72-2692AE2CEC05}.Debug|x64.ActiveCfg = Debug|x64
		{B702DA7B-0E30-4253-9A72-2692AE2CEC05}.Debug|x64.Build.0 = Debug|x64
		{B702DA7B-0E30-4253-9A72-2692AE2CEC05}.Debug|x86.ActiveCfg = Debug|Win32
		{B702DA7B-0E30-4253-9A72-2692AE2CEC05}.Debug|x86.Build.0 = Debug|Win32
		{B702DA7B-0E30-4253-9A72-2692AE2CEC05}.Release|x64.ActiveCfg = Release|x64
		{B702DA7B-0E30-4253-9A72-2692AE2CEC05}.Release|x64.Build.0 = Release|x64
		{B702DA7B-0E30-4253-9A72-2692AE2CEC05}.Release|x86.ActiveCfg = Release|x64
		{B702DA7B-0E30-4253-9A72-2692AE2CEC05}.Release|x86.Build.0 = Release|x64
		{3EFA16C2-4087-49C6-86CE-A79A07F3FF14}.Debug|x64.ActiveCfg = Debug|x64
		{3EFA16C2-4087-49C6-86CE-A79A07F3FF14}.Debug|x64.Build.0 = Debug|x64
		{3EFA16C2-4087-49C6-86CE-A79A07F3FF14}.Debug|x86.ActiveCfg = Debug|Win32
		{3EFA16C2-4087-49C6-86CE-A79A07F3FF14}.Release|x64.ActiveCfg = Release|x64
		{3EFA16C2-4087-49C6-86CE-A79A07F3FF14}.Release|x64.Build.0 = Release|x64
		{3EFA16C2-4087-49C6-86CE-A79A07F3FF14}.Release|x86.ActiveCfg = Debug|Win32
		{D1B32992-871D-4858-84D2-EA1E02C6E92E}.Debug|x64.ActiveCfg = Debug|x64
		{D1B32992-871D-4858-84D2-EA1E02C6E92E}.Debug|x64.Build.0 = Debug|x64
		{D1B32992-871D-4858-84D2-EA1E02C6E92E}.Debug|x86.ActiveCfg = Debug|Win32
		{D1B32992-871D-4858-84D2-EA1E02C6E92E}.Release|x64.ActiveCfg = Release|x64
		{D1B32992-871D-4858-84D2-EA1E02C6E92E}.Release|x64.Build.0 = Release|x64
		{D1B32992-871D-4858-84D2-EA1E02C6E92E}.Release|x86.ActiveCfg = Release|Win32
		{DFD0C574-8EC9-45FF-AE43-632ED3215740}.Debug|x64.ActiveCfg = Debug|x64
		{DFD0C574-8EC9-45FF-AE43-632ED3215740}.Debug|x64.Build.0 = Debug|x64
		{DFD0C574-8EC9-45FF-AE43-632ED3215740}.Debug|x86.ActiveCfg = Debug|Win32
		{DFD0C574-8EC9-45FF-AE43-632ED3215740}.Release|x64.ActiveCfg = Release|x64
		{DFD0C574-8EC9-45FF-AE43-632ED3215740}.Release|x64.Build.0 = Release|x64
		{DFD0C574-8EC9-45FF-AE43-632ED3215740}.Release|x86.ActiveCfg = Release|Win32
		{84B5FA58-8579-4FEB-93DF-C2EA98ED551F}.Debug|x64.ActiveCfg = Debug|x64
		{84B5FA58-8579-4FEB-93DF-C2EA98ED551F}.Debug|x64.Build.0 = Debug|x64
		{84B5FA58-8579-4FEB-93DF-C2EA98ED551F}.Debug|x86.ActiveCfg = Debug|Win32
		{84B5FA58-8579-4FEB-93DF-C2EA98ED551F}.Release|x64.ActiveCfg = Release|x64
		{84B5FA58-8579-4FEB-93DF-C2EA98ED551F}.Release|x64.Build.0 = Release|x64
		{84B5FA58-8579-4FEB-93DF-C2EA98ED551F}.Release|x86.ActiveCfg = Release|Win32
		{1ACDD478-12E0-42C4-A98D-571A20A52842}.Debug|x64.ActiveCfg = Debug|x64
		{1ACDD478-12E0-42C4-A98D-571A20A52842}.Debug|x64.Build.0 = Debug|x64
		{1ACDD478-12E0-42C4-A98D-571A20A52842}.Debug|x86.ActiveCfg = Debug|Win32
		{1ACDD478-12E0-42C4-A98D-571A20A52842}.Release|x64.ActiveCfg = Release|x64
		{1ACDD478-12E0-42C4-A98D-571A20A52842}.Release|x64.Build.0 = Release|x64
		{1ACDD478-12E0-42C4-A98D-571A20A52842}.Release|x86.ActiveCfg = Release|Win32
		{0965CA2E-9934-4544-9181-979315931C6B}.Debug|x64.ActiveCfg = Debug|x64
		{0965CA2E-9934-4544-9181-979315931C6B}.Debug|x64.Build.0 = Debug|x64
		{0965CA2E-9934-4544-9181-979315931C6B}.Debug|x86.ActiveCfg = Debug|Win32
		{0965CA2E-9934-4544-9181-979315931C6B}.Release|x64.ActiveCfg = Release|x64
		{0965CA2E-9934-4544-9181-979315931C6B}.Release|x64.Build.0 = Release|x64
		{0965CA2E-9934-4544-9181-979315931C6B}.Release|x86.ActiveCfg = Release|Win32
		{12F99F51-B7BB-4589-ADBC-FFF94A697A83}.Debug|x64.ActiveCfg = Debug|x64
		{12F99F51-B7BB-4589-ADBC-FFF94A697A83}.Debug|x64.Build.0 = Debug|x64
		{12F99F51-B7BB-4589-ADBC-FFF94A697A83}.Debug|x86.ActiveCfg = Debug|Win32
		{12F99F51-B7BB-4589-ADBC-FFF94A697A83}.Release|x64.ActiveCfg = Release|x64
		{12F99F51-B7BB-4589-ADBC-FFF94A697A83}.Release|x64.Build.0 = Release|x64
		{12F99F51-B7BB-4589-ADBC-FFF94A697A83}.Release|x86.ActiveCfg = Release|Win32
		{98740D94-2691-4380-B3F3-486EADB2D57F}.Debug|x64.ActiveCfg = Debug|x64
		{98740D94-2691-4380-B3F3-486EADB2D57F}.Debug|x64.Build.0 = Debug|x64
		{98740D94-2691-4380-B3F3-486EADB2D57F}.Debug|x86.ActiveCfg = Debug|Win32
		{98740D94-2691-4380-B3F3-486EADB2D57F}.Release|x64.ActiveCfg = Release|x64
		{98740D94-2691-4380-B3F3-486EADB2D57F}.Release|x64.Build.0 = Release|x64
		{98740D94-2691-4380-B3F3-486EADB2D57F}.Release|x86.ActiveCfg = Release|Win32
		{8FD28F19-3448-4CC0-AE51-92275B4BDBB7}.Debug|x64.ActiveCfg = Debug|x64
		{8FD28F19-3448-4CC0-AE51-92275B4BDBB7}.Debug|x64.Build.0 = Debug|x64
		{8FD28F19-3448-4CC0-AE51-92275B4BDBB7}.Debug|x86.ActiveCfg = Debug|Win32
		{8FD28F19-3448-4CC0-AE51-92275B4BDBB7}.Release|x64.ActiveCfg = Release|x64
		{8FD28F19-3448-4CC0-AE51-92275B4BDBB7}.Release|x64.Build.0 = Release|x64
		{8FD28F19-3448-4CC0-AE51-92275B4BDBB7}.Release|x86.ActiveCfg = Release|Win32
		{4870FA0E-E565-4D1B-ACB4-F2436D06C1B5}.Debug|x64.ActiveCfg = Debug|x64
		{4870FA0E-E565-4D1B-ACB4-F2436D06C1B5}.Debug|x64.Build.0 = Debug|x64
		{4870FA0E-E565-4D1B-ACB4-F2436D06C1B5}.Debug|x86.ActiveCfg = Debug|Win32
		{4870FA0E-E565-4D1B-ACB4-F2436D06C1B5}.Release|x64.ActiveCfg = Release|x64
		{4870FA0E-E565-4D1B-ACB4-F2436D06C1B5}.Release|x64.Build.0 = Release|x64
		{4870FA0E-E565-4D1B-ACB4-F2436D06C1B5}.Release|x86.ActiveCfg = Release|Win32
		{C19A6032-AE18-450D-A674-09545A1F4C8D}.Debug|x64.ActiveCfg = Debug|x64
		{C19A6032-AE18-450D-A674-09545A1F4C8D}.Debug|x64.Build.0 = Debug|x64
		{C19A6032-AE18-450D-A674-09545A1F4C8D}.Debug|x86.ActiveCfg = Debug|Win32
		{C19A6032-AE18-450D-A674-09545A1F4C8D}.Release|x64.ActiveCfg = Release|x64
		{C19A6032-AE18-450D-A674-09545A1F4C8D}.Release|x64.Build.0 = Release|x64
		{C19A6032-AE18-450D-A674-09545A1F4C8D}.Release|x86.ActiveCfg = Release|Win32
		{1250A4F2-6900-482F-A272-4205DFAB809D}.Debug|x64.ActiveCfg = Debug|x64
		{1250A4F2-6900-482F-A272-4205DFAB809D}.Debug|x64.Build.0 = Debug|x64
		{1250A4F2-6900-482F-A272-4205DFAB809D}.Debug|x86.ActiveCfg = Debug|Win32
		{1250A4F2-6900-482F-A272-4205DFAB809D}.Release|x64.ActiveCfg = Release|x64
		{1250A4F2-6900-482F-A272-4205DFAB809D}.Release|x64.Build.0 = Release|x64
		{1250A4F2-6900-482F-A272-4205DFAB809D}.Release|x86.ActiveCfg = Release|Win32
		{7E2C1F27-EDAB-4717-BF7F-6B686809BA30}.Debug|x64.ActiveCfg = Debug|x64
		{7E2C1F27-EDAB-4717-BF7F-6B686809BA30}.Debug|x64.Build.0 = Debug|x64
		{7E2C1F27-EDAB-4717-BF7F-6B686809BA30}.Debug|x86.ActiveCfg = Debug|Win32
		{7E2C1F27-EDAB-4717-BF7F-6B686809BA30}.Release|x64.ActiveCfg = Release|x64
		{7E2C1F27-EDAB-4717-BF7F-6B686809BA30}.Release|x64.Build.0 = Release|x64
		{7E2C1F27-EDAB-4717-BF7F-6B686809BA30}.Release|x86.ActiveCfg = Release|Win32
		{8F924EA3-5DE0-46A1-BE34-26379BA2413E}.Debug|x64.ActiveCfg = Debug|x64
		{8F924EA3-5DE0-46A1-BE34-26379BA2413E}.Debug|x64.Build.0 = Debug|x64
		{8F924EA3-5DE0-46A1-BE34-26379BA2413E}.Debug|x86.ActiveCfg = Debug|Win32
		{8F924EA3-5DE0-46A1-BE34-26379BA2413E}.Release|x64.ActiveCfg = Release|x64
		{8F924EA3-5DE0-46A1-BE34-26379BA2413E}.Release|x64.Build.0 = Release|x64
		{8F924EA3-5DE0-46A1-BE34-26379BA2413E}.Release|x86.ActiveCfg = Release|Win32
		{0ADC611A-662D-4A22-8026-D3B551993B00}.Debug|x64.ActiveCfg = Debug|x64
		{0ADC611A-662D-4A22-8026-D3B551993B00}.Debug|x64.Build.0 = Debug|x64
		{0ADC611A-662D-4A22-8026-D3B551993B00}.Debug|x86.ActiveCfg = Debug|Win32
		{0ADC611A-662D-4A22-8026-D3B551993B00}.Release|x64.ActiveCfg = Release|x64
		{0ADC611A-662D-4A22-8026-D3B551993B00}.Release|x64.Build.0 = Release|x64
		{0ADC611A-662D-4A22-8026-D3B551993B00}.Release|x86.ActiveCfg = Release|Win32
		{FFB75A9C-87AC-42D4-BBE3-AF7A4CFAB30A}.Debug|x64.ActiveCfg = Debug|x64
		{FFB75A9C-87AC-42D4-BBE3-AF7A4CFAB30A}.Debug|x64.Build.0 = Debug|x64
		{FFB75A9C-87AC-42D4-BBE3-AF7A4CFAB30A}.Debug|x86.ActiveCfg = Debug|Win32
		{FFB75A9C-87AC-42D4-BBE3-AF7A4CFAB30A}.Release|x64.ActiveCfg = Release|x64
		{FFB75A9C-87AC-42D4-BBE3-AF7A4CFAB30A}.Release|x64.Build.0 = Release|x64
		{FFB75A9C-87AC-42D4-BBE3-AF7A4CFAB30A}.Release|x86.ActiveCfg = Release|Win32
		{4F4EB65E-239F-42A7-B17E-75E98F31B672}.Debug|x64.ActiveCfg = Debug|x64
		{4F4EB65E-239F-42A7-B17E-75E98F31B672}.Debug|x64.Build.0 = Debug|x64
		{4F4EB65E-239F-42A7-B17E-75E98F31B672}.Debug|x86.ActiveCfg = Debug|Win32
		{4F4EB65E-239F-42A7-B17E-75E98F31B672}.Release|x64.ActiveCfg = Release|x64
		{4F4EB65E-239F-42A7-B17E-75E98F31B672}.Release|x64.Build.0 = Release|x64
		{4F4EB65E-239F-42A7-B17E-75E98F31B672}.Release|x86.ActiveCfg = Release|Win32
		{0F645792-6A09-451B-9C12-0A908747AB83}.Debug|x64.ActiveCfg = Debug|x64
		{0F645792-6A09-451B-9C12-0A908747AB83}.Debug|x64.Build.0 = Debug|x64
		{0F645792-6A09-451B-9C12-0A908747AB83}.Debug|x86.ActiveCfg = Debug|Win32
		{0F645792-6A09-451B-9C12-0A908747AB83}.Release|x64.ActiveCfg = Release|x64
		{0F645792-6A09-451B-9C12-0A908747AB83}.Release|x64.Build.0 = Release|x64
		{0F645792-6A09-451B-9C12-0A908747AB83}.Release|x86.ActiveCfg = Release|Win32
		{46E137AB-3C7B-43A0-8400-73C5FDA9764E}.Debug|x64.ActiveCfg = Debug|x64
		{46E137AB-3C7B-43A0-8400-73C5FDA9764E}.Debug|x64.Build.0 = Debug|x64
		{46E137AB-3C7B-43A0-8400-73C5FDA9764E}.Debug|x86.ActiveCfg = Debug|Win32
		{46E137AB-3C7B-43A0-8400-73C5FDA9764E}.Release|x64.ActiveCfg = Release|x64
		{46E137AB-3C7B-43A0-8400-73C5FDA9764E}.Release|x64.Build.0 = Release|x64
		{46E137AB-3C7B-43A0-8400-73C5FDA9764E}.Release|x86.ActiveCfg = Release|Win32
		{A7C94B7E-93FF-44A7-B123-D38136E9916B}.Debug|x64.ActiveCfg = Debug|x64
		{A7C94B7E-93FF-44A7-B123-D38136E9916B}.Debug|x64.Build.0 = Debug|x64
		{A7C94B7E-93FF-44A7-B123-D38136E9916B}.Debug|x86.ActiveCfg = Debug|Win32
		{A7C94B7E-93FF-44A7-B123-D38136E9916B}.Release|x64.ActiveCfg = Release|x64
		{A7C94B7E-93FF-44A7-B123-D38136E9916B}.Release|x64.Build.0 = Release|x64
		{A7C94B7E-93FF-44A7-B123-D38136E9916B}.Release|x86.ActiveCfg = Release|Win32
		{59322D5D-22E6-4E76-81A0-B5A4BCA54DAA}.Debug|x64.ActiveCfg = Debug|x64
		{59322D5D-22E6-4E76-81A0-B5A4BCA54DAA}.Debug|x64.Build.0 = Debug|x64
		{59322D5D-22E6-4E76-81A0-B5A4BCA54DAA}.Debug|x86.ActiveCfg = Debug|Win32
		{59322D5D-22E6-4E76-81A0-B5A4BCA54DAA}.Release|x64.ActiveCfg = Release|x64
		{59322D5D-22E6-4E76-81A0-B5A4BCA54DAA}.Release|x64.Build.0 = Release|x64
		{59322D5D-22E6-4E76-81A0-B5A4BCA54DAA}.Release|x86.ActiveCfg = Release|Win32
		{3D14FF0E-B439-46B1-AF49-402A8A1C948D}.Debug|x64.ActiveCfg = Debug|x64
		{3D14FF0E-B439-46B1-AF49-402A8A1C948D}.Debug|x64.Build.0 = Debug|x64
		{3D14FF0E-B439-46B1-AF49-402A8A1C948D}.Debug|x86.ActiveCfg = Debug|Win32
		{3D14FF0E-B439-46B1-AF49-402A8A1C948D}.Release|x64.ActiveCfg = Release|x64
		{3D14FF0E-B439-46B1-AF49-402A8A1C948D}.Release|x64.Build.0 = Release|x64
		{3D14FF0E-B439-46B1-AF49-402A8A1C948D}.Release|x86.ActiveCfg = Release|Win32
		{4918C923-8117-45E5-A0B2-832155459203}.Debug|x64.ActiveCfg = Debug|x64
		{4918C923-8117-45E5-A0B2-832155459203}.Debug|x64.Build.0 = Debug|x64
		{4918C923-8117-45E5-A0B2-832155459203}.Debug|x86.ActiveCfg = Debug|Win32
		{4918C923-8117-45E5-A0B2-832155459203}.Release|x64.ActiveCfg = Release|x64
		{4918C923-8117-45E5-A0B2-832155459203}.Release|x64.Build.0 = Release|x64
		{4918C923-8117-45E5-A0B2-832155459203}.Release|x86.ActiveCfg = Release|Win32
		{115C44EA-3E18-4BD3-9EA7-846F01007826}.Debug|x64.ActiveCfg = Debug|x64
		{115C44EA-3E18-4BD3-9EA7-846F01007826}.Debug|x64.Build.0 = Debug|x64
		{115C44EA-3E18-4BD3-9EA7-846F01007826}.Debug|x86.ActiveCfg = Debug|Win32
		{115C44EA-3E18-4BD3-9EA7-846F01007826}.Release|x64.ActiveCfg = Release|x64
		{115C44EA-3E18-4BD3-9EA7-846F01007826}.Release|x64.Build.0 = Release|x64
		{115C44EA-3E18-4BD3-9EA7-846F01007826}.Release|x86.ActiveCfg = Release|Win32
		{D996ABA5-6400-49A1-8109-2271F2C5F089}.Debug|x64.ActiveCfg = Debug|x64
		{D996ABA5-6400-49A1-8109-2271F2C5F089}.Debug|x64.Build.0 = Debug|x64
		{D996ABA5-6400-49A1-8109-2271F2C5F089}.Debug|x86.ActiveCfg = Debug|Win32
		{D996ABA5-6400-49A1-8109-2271F2C5F089}.Release|x64.ActiveCfg = Release|x64
		{D996ABA5-6400-49A1-8109-2271F2C5F089}.Release|x64.Build.0 = Release|x64
		{D996ABA5-6400-49A1-8109-2271F2C5F089}.Release|x86.ActiveCfg = Release|Win32
		{F68BD109-D361-4987-ADEB-854EA4479553}.Debug|x64.ActiveCfg = Debug|x64
		{F68BD109-D361-4987-ADEB-854EA4479553}.Debug|x64.Build.0 = Debug|x64
		{F68BD109-D361-4987-ADEB-854EA4479553}.Debug|x86.ActiveCfg = Debug|Win32
		{F68BD109-D361-4987-ADEB-854EA4479553}.Release|x64.ActiveCfg = Release|x64
		{F68BD109-D361-4987-ADEB-854EA4479553}.Release|x64.Build.0 = Release|x64
		{F68BD109-D361-4987-ADEB-854EA4479553}.Release|x86.ActiveCfg = Release|Win32
		{B7A91B0E-16B1-4077-B169-DA7BB913A2F4}.Debug|x64.ActiveCfg = Debug|x64
		{B7A91B0E-16B1-4077-B169-DA7BB913A2F4}.Debug|x64.Build.0 = Debug|x64
		{B7A91B0E-16B1-4077-B169-DA7BB913A2F4}.Debug|x86.ActiveCfg = Debug|Win32
		{B7A91B0E-16B1-4077-B169-DA7BB913A2F4}.Release|x64.ActiveCfg = Release|x64
		{B7A91B0E-16B1-4077-B169-DA7BB913A2F4}.Release|x64.Build.0 = Release|x64
		{B7A91B0E-16B1-4077-B169-DA7BB913A2F4}.Release|x86.ActiveCfg = Release|Win32
		{48E0C84E-9165-4C5C-8A3E-532013FC2580}.Debug|x64.ActiveCfg = Debug|x64
		{48E0C84E-9165-4C5C-8A3E-532013FC2580}.Debug|x64.Build.0 = Debug|x64
		{48E0C84E-9165-4C5C-8A3E-532013FC2580}.Debug|x86.ActiveCfg = Debug|Win32
		{48E0C84E-9165-4C5C-8A3E-532013FC2580}.Release|x64.ActiveCfg = Release|x64
		{48E0C84E-9165-4C5C-8A3E-532013FC2580}.Release|x64.Build.0 = Release|x64
		{48E0C84E-9165-4C5C-8A3E-532013FC2580}.Release|x86.ActiveCfg = Release|Win32
		{127B9292-7C2B-45E8-B382-F8E3AA92575A}.Debug|x64.ActiveCfg = Debug|x64
		{127B9292-7C2B-45E8-B382-F8E3AA92575A}.Debug|x64.Build.0 = Debug|x64
		{127B9292-7C2B-45E8-B382-F8E3AA92575A}.Debug|x86.ActiveCfg = Debug|Win32
		{127B9292-7C2B-45E8-B382-F8E3AA92575A}.Release|x64.ActiveCfg = Release|x64
		{127B9292-7C2B-45E8-B382-F8E3AA92575A}.Release|x64.Build.0 = Release|x64
		{127B9292-7C2B-45E8-B382-F8E3AA92575A}.Release|x86.ActiveCfg = Release|Win32
		{FF45AB63-DC0B-437E-A9D3-6B7E22A3EC21}.Debug|x64.ActiveCfg = Debug|x64
		{FF45AB63-DC0B-437E-A9D3-6B7E22A3EC21}.Debug|x64.Build.0 = Debug|x64
		{FF45AB63-DC0B-437E-A9D3-6B7E22A3EC21}.Debug|x86.ActiveCfg = Debug|Win32
		{FF45AB63-DC0B-437E-A9D3-6B7E22A3EC21}.Release|x64.ActiveCfg = Release|x64
		{FF45AB63-DC0B-437E-A9D3-6B7E22A3EC21}.Release|x64.Build.0 = Release|x64
		{FF45AB63-DC0B-437E-A9D3-6B7E22A3EC21}.Release|x86.ActiveCfg = Release|Win32
		{2E4C9F0D-A467-4764-BBDF-2F95319F229D}.Debug|x64.ActiveCfg = Debug|x64
		{2E4C9F0D-A467-4764-BBDF-2F95319F229D}.Debug|x64.Build.0 = Debug|x64
		{2E4C9F0D-A467-4764-BBDF-2F95319F229D}.Debug|x86.ActiveCfg = Debug|Win32
		{2E4C9F0D-A467-4764-BBDF-2F95319F229D}.Release|x64.ActiveCfg = Release|x64
		{2E4C9F0D-A467-4764-BBDF-2F95319F229D}.Release|x64.Build.0 = Release|x64
		{2E4C9F0D-A467-4764-BBDF-2F95319F229D}.Release|x86.ActiveCfg = Release|Win32
		{8C50CB41-D553-441D-948F-B1FC575FC951}.Debug|x64.ActiveCfg = Debug|x64
		{8C50CB41-D553-441D-948F-B1FC575FC951}.Debug|x64.Build.0 = Debug|x64
		{8C50CB41-D553-441D-948F-B1FC575FC951}.Debug|x86.ActiveCfg = Debug|Win32
		{8C50CB41-D553-441D-948F-B1FC575FC951}.Release|x64.ActiveCfg = Release|x64
		{8C50CB41-D553-441D-948F-B1FC575FC951}.Release|x64.Build.0 = Release|x64
		{8C50CB41-D553-441D-948F-B1FC575FC951}.Release|x86.ActiveCfg = Release|Win32
		{EC01B4E6-6389-464F-839E-854FDC730182}.Debug|x64.ActiveCfg = Debug|x64
		{EC01B4E6-6389-464F-839E-854FDC730182}.Debug|x64.Build.0 = Debug|x64
		{EC01B4E6-6389-464F-839E-854FDC730182}.Debug|x86.ActiveCfg = Debug|Win32
		{EC01B4E6-6389-464F-839E-854FDC730182}.Release|x64.ActiveCfg = Release|x64
		{EC01B4E6-6389-464F-839E-854FDC730182}.Release|x64.Build.0 = Release|x64
		{EC01B4E6-6389-464F-839E-854FDC730182}.Release|x86.ActiveCfg = Release|Win32
		{D190A1EA-7F3B-4380-B0F9-068B5CEF76A6}.Debug|x64.ActiveCfg = Debug|x64
		{D190A1EA-7F3B-4380-B0F9-068B5CEF76A6}.Debug|x64.Build.0 = Debug|x64
		{D190A1EA-7F3B-4380-B0F9-068B5CEF76A6}.Debug|x86.ActiveCfg = Debug|Win32
		{D190A1EA-7F3B-4380-B0F9-068B5CEF76A6}.Release|x64.ActiveCfg = Release|x64
		{D190A1EA-7F3B-4380-B0F9-068B5CEF76A6}.Release|x64.Build.0 = Release|x64
		{D190A1EA-7F3B-4380-B0F9-068B5CEF76A6}.Release|x86.ActiveCfg = Release|Win32
		{D3732B99-76A7-4A4C-B900-B80AA7F83009}.Debug|x64.ActiveCfg = Debug|x64
		{D3732B99-76A7-4A4C-B900-B80AA7F83009}.Debug|x64.Build.0 = Debug|x64
		{D3732B99-76A7-4A4C-B900-B80AA7F83009}.Debug|x86.ActiveCfg = Debug|Win32
		{D3732B99-76A7-4A4C-B900-B80AA7F83009}.Release|x64.ActiveCfg = Release|x64
		{D3732B99-76A7-4A4C-B900-B80AA7F83009}.Release|x64.Build.0 = Release|x64
		{D3732B99-76A7-4A4C-B900-B80AA7F83009}.Release|x86.ActiveCfg = Release|Win32
		{0DC2431E-B747-428B-8642-98BFC8589BC7}.Debug|x64.ActiveCfg = Debug|x64
		{0DC2431E-B747-428B-8642-98BFC8589BC7}.Debug|x64.Build.0 = Debug|x64
		{0DC2431E-B747-428B-8642-98BFC8589BC7}.Debug|x86.ActiveCfg = Debug|Win32
		{0DC2431E-B747-428B-8642-98BFC8589BC7}.Release|x64.ActiveCfg = Release|x64
		{0DC2431E-B747-428B-8642-98BFC8589BC7}.Release|x64.Build.0 = Release|x64
		{0DC2431E-B747-428B-8642-98BFC8589BC7}.Release|x86.ActiveCfg = Release|Win32
		{443D1152-DE52-488E-92FC-48DFB68CB1D3}.Debug|x64.ActiveCfg = Debug|x64
		{443D1152-DE52-488E-92FC-48DFB68CB1D3}.Debug|x64.Build.0 = Debug|x64
		{443D1152-DE52-488E-92FC-48DFB68CB1D3}.Debug|x86.ActiveCfg = Debug|Win32
		{443D1152-DE52-488E-92FC-48DFB68CB1D3}.Release|x64.ActiveCfg = Release|x64
		{443D1152-DE52-488E-92FC-48DFB68CB1D3}.Release|x64.Build.0 = Release|x64
		{443D1152-DE52-488E-92FC-48DFB68CB1D3}.Release|x86.ActiveCfg = Release|Win32
		{565703C0-1B10-4CD5-88BA-235AC6A22B60}.Debug|x64.ActiveCfg = Debug|x64
		{565703C0-1B10-4CD5-88BA-235AC6A22B60}.Debug|x64.Build.0 = Debug|x64
		{565703C0-1B10-4CD5-88BA-235AC6A22B60}.Debug|x86.ActiveCfg = Debug|Win32
		{565703C0-1B10-4CD5-88BA-235AC6A22B60}.Release|x64.ActiveCfg = Release|x64
		{565703C0-1B10-4CD5-88BA-235AC6A22B60}.Release|x64.Build.0 = Release|x64
		{565703C0-1B10-4CD5-88BA-235AC6A22B60}.Release|x86.ActiveCfg = Release|Win32
		{2D90171C-95C3-4542-82CF-4304A2A8F106}.Debug|x64.ActiveCfg = Debug|x64
		{2D90171C-95C3-4542-82CF-4304A2A8F106}.Debug|x64.Build.0 = Debug|x64
		{2D90171C-95C3-4542-82CF-4304A2A8F106}.Debug|x86.ActiveCfg = Debug|Win32
		{2D90171C-95C3-4542-82CF-4304A2A8F106}.Release|x64.ActiveCfg = Release|x64
		{2D90171C-95C3-4542-82CF-4304A2A8F106}.Release|x64.Build.0 = Release|x64
		{2D90171C-95C3-4542-82CF-4304A2A8F106}.Release|x86.ActiveCfg = Release|Win32
		{E38C0F7A-44A3-4380-927E-22D947C8FE24}.Debug|x64.ActiveCfg = Debug|x64
		{E38C0F7A-44A3-4380-927E-22D947C8FE24}.Debug|x64.Build.0 = Debug|x64
		{E38C0F7A-44A3-4380-927E-22D947C8FE24}.Debug|x86.ActiveCfg = Debug|Win32
		{E38C0F7A-44A3-4380-927E-22D947C8FE24}.Release|x64.ActiveCfg = Release|x64
		{E38C0F7A-44A3-4380-927E-22D947C8FE24}.Release|x64.Build.0 = Release|x64
		{E38C0F7A-44A3-4380-927E-22D947C8FE24}.Release|x86.ActiveCfg = Release|Win32
		{B462A9EE-F33D-48E3-A329-17689AD09A65}.Debug|x64.ActiveCfg = Debug|x64
		{B462A9EE-F33D-48E3-A329-17689AD09A65}.Debug|x64.Build.0 = Debug|x64
		{B462A9EE-F33D-48E3-A329-17689AD09A65}.Debug|x86.ActiveCfg = Debug|Win32
		{B462A9EE-F33D-48E3-A329-17689AD09A65}.Release|x64.ActiveCfg = Release|x64
		{B462A9EE-F33D-48E3-A329-17689AD09A65}.Release|x64.Build.0 = Release|x64
		{B462A9EE-F33D-48E3-A329-17689AD09A65}.Release|x86.ActiveCfg = Release|Win32
		{4F433768-7893-42E9-AA4A-231E01801FFA}.Debug|x64.ActiveCfg = Debug|x64
		{4F433768-7893-42E9-AA4A-231E01801FFA}.Debug|x64.Build.0 = Debug|x64
		{4F433768-7893-42E9-AA4A-231E01801FFA}.Debug|x86.ActiveCfg = Debug|Win32
		{4F433768-7893-42E9-AA4A-231E01801FFA}.Release|x64.ActiveCfg = Release|x64
		{4F433768-7893-42E9-AA4A-231E01801FFA}.Release|x64.Build.0 = Release|x64
		{4F433768-7893-42E9-AA4A-231E01801FFA}.Release|x86.ActiveCfg = Release|Win32
		{E780CBCD-EE0E-4AA0-A4CF-57AF5869857D}.Debug|x64.ActiveCfg = Debug|x64
		{E780CBCD-EE0E-4AA0-A4CF-57AF5869857D}.Debug|x64.Build.0 = Debug|x64
		{E780CBCD-EE0E-4AA0-A4CF-57AF5869857D}.Debug|x86.ActiveCfg = Debug|Win32
		{E780CBCD-EE0E-4AA0-A4CF-57AF5869857D}.Release|x64.ActiveCfg = Release|x64
		{E780CBCD-EE0E-4AA0-A4CF-57AF5869857D}.Release|x64.Build.0 = Release|x64
		{E780CBCD-EE0E-4AA0-A4CF-57AF5869857D}.Release|x86.ActiveCfg = Release|Win32
		{F71F07BA-A297-4E77-861E-5FF97B922B96}.Debug|x64.ActiveCfg = Debug|x64
		{F71F07BA-A297-4E77-861E-5FF97B922B96}.Debug|x64.Build.0 = Debug|x64
		{F71F07BA-A297-4E77-861E-5FF97B922B96}.Debug|x86.ActiveCfg = Debug|Win32
		{F71F07BA-A297-4E77-861E-5FF97B922B96}.Release|x64.ActiveCfg = Release|x64
		{F71F07BA-A297-4E77-861E-5FF97B922B96}.Release|x64.Build.0 = Release|x64
		{F71F07BA-A297-4E77-861E-5FF97B922B96}.Release|x86.ActiveCfg = Release|Win32
		{7FB3CEB1-7363-488D-BE22-20C4362C5897}.Debug|x64.ActiveCfg = Debug|x64
		{7FB3CEB1-7363-488D-BE22-20C4362C5897}.Debug|x64.Build.0 = Debug|x64
		{7FB3CEB1-7363-488D-BE22-20C4362C5897}.Debug|x86.ActiveCfg = Debug|Win32
		{7FB3CEB1-7363-488D-BE22-20C4362C5897}.Release|x64.ActiveCfg = Release|x64
		{7FB3CEB1-7363-488D-BE22-20C4362C5897}.Release|x64.Build.0 = Release|x64
		{7FB3CEB1-7363-488D-BE22-20C4362C5897}.Release|x86.ActiveCfg = Release|Win32
		{E82D3F39-9582-4120-8668-2B082F77888C}.Debug|x64.ActiveCfg = Debug|x64
		{E82D3F39-9582-4120-8668-2B082F77888C}.Debug|x64.Build.0 = Debug|x64
		{E82D3F39-9582-4120-8668-2B082F77888C}.Debug|x86.ActiveCfg = Debug|Win32
		{E82D3F39-9582-4120-8668-2B082F77888C}.Release|x64.ActiveCfg = Release|x64
		{E82D3F39-9582-4120-8668-2B082F77888C}.Release|x64.Build.0 = Release|x64
		{E82D3F39-9582-4120-8668-2B082F77888C}.Release|x86.ActiveCfg = Release|Win32
		{E7515072-1F5E-4636-A207-48626BCDA0C2}.Debug|x64.ActiveCfg = Debug|x64
		{E7515072-1F5E-4636-A207-48626BCDA0C2}.Debug|x64.Build.0 = Debug|x64
		{E7515072-1F5E-4636-A207-48626BCDA0C2}.Debug|x86.ActiveCfg = Debug|Win32
		{E7515072-1F5E-4636-A207-48626BCDA0C2}.Release|x64.ActiveCfg = Release|x64
		{E7515072-1F5E-4636-A207-48626BCDA0C2}.Release|x64.Build.0 = Release|x64
		{E7515072-1F5E-4636-A207-48626BCDA0C2}.Release|x86.ActiveCfg = Release|Win32
		{09F6DBA3-5C6F-499C-A5D6-F1B6016DE91E}.Debug|x64.ActiveCfg = Debug|x64
		{09F6DBA3-5C6F-499C-A5D6-F1B6016DE91E}.Debug|x64.Build.0 = Debug|x64
		{09F6DBA3-5C6F-499C-A5D6-F1B6016DE91E}.Debug|x86.ActiveCfg = Debug|Win32
		{09F6DBA3-5C6F-499C-A5D6-F1B6016DE91E}.Release|x64.ActiveCfg = Release|x64
		{09F6DBA3-5C6F-499C-A5D6-F1B6016DE91E}.Release|x64.Build.0 = Release|x64
		{09F6DBA3-5C6F-499C-A5D6-F1B6016DE91E}.Release|x86.ActiveCfg = Release|Win32
		{69E69C23-FEE3-45D1-B37C-AF59DEBCE3A4}.Debug|x64.ActiveCfg = Debug|x64
		{69E69C23-FEE3-45D1-B37C-AF59DEBCE3A4}.Debug|x64.Build.0 = Debug|x64
		{69E69C23-FEE3-45D1-B37C-AF59DEBCE3A4}.Debug|x86.ActiveCfg = Debug|Win32
		{69E69C23-FEE3-45D1-B37C-AF59DEBCE3A4}.Release|x64.ActiveCfg = Release|x64
		{69E69C23-FEE3-45D1-B37C-AF59DEBCE3A4}.Release|x64.Build.0 = Release|x64
		{69E69C23-FEE3-45D1-B37C-AF59DEBCE3A4}.Release|x86.ActiveCfg = Release|Win32
		{85C18973-23B4-4B97-AAA6-5513265DC641}.Debug|x64.ActiveCfg = Debug|x64
		{85C18973-23B4-4B97-AAA6-5513265DC641}.Debug|x64.Build.0 = Debug|x64
		{85C18973-23B4-4B97-AAA6-5513265DC641}.Debug|x86.ActiveCfg = Debug|Win32
		{85C18973-23B4-4B97-AAA6-5513265DC641}.Release|x64.ActiveCfg = Release|x64
		{85C18973-23B4-4B97-AAA6-5513265DC641}.Release|x64.Build.0 = Release|x64
		{85C18973-23B4-4B97-AAA6-5513265DC641}.Release|x86.ActiveCfg = Release|Win32
		{1647D45E-8AFA-4959-9637-FF4420BFEED1}.Debug|x64.ActiveCfg = Debug|x64
		{1647D45E-8AFA-4959-9637-FF4420BFEED1}.Debug|x64.Build.0 = Debug|x64
		{1647D45E-8AFA-4959-9637-FF4420BFEED1}.Debug|x86.ActiveCfg = Debug|Win32
		{1647D45E-8AFA-4959-9637-FF4420BFEED1}.Release|x64.ActiveCfg = Release|x64
		{1647D45E-8AFA-4959-9637-FF4420BFEED1}.Release|x64.Build.0 = Release|x64
		{1647D45E-8AFA-4959-9637-FF4420BFEED1}.Release|x86.ActiveCfg = Release|Win32
		{85C526EF-EC3F-46ED-965E-E97B52C27818}.Debug|x64.ActiveCfg = Debug|x64
		{85C526EF-EC3F-46ED-965E-E97B52C27818}.Debug|x64.Build.0 = Debug|x64
		{85C526EF-EC3F-46ED-965E-E97B52C27818}.Debug|x86.ActiveCfg = Debug|Win32
		{85C526EF-EC3F-46ED-965E-E97B52C27818}.Release|x64.ActiveCfg = Release|x64
		{85C526EF-EC3F-46ED-965E-E97B52C27818}.Release|x64.Build.0 = Release|x64
		{85C526EF-EC3F-46ED-965E-E97B52C27818}.Release|x86.ActiveCfg = Release|Win32
		{8910FCE6-8562-4433-9732-D23340330FAA}.Debug|x64.ActiveCfg = Debug|x64
		{8910FCE6-8562-4433-9732-D23340330FAA}.Debug|x64.Build.0 = Debug|x64
		{8910FCE6-8562-4433-9732-D23340330FAA}.Debug|x86.ActiveCfg = Debug|Win32
		{8910FCE6-8562-4433-9732-D23340330FAA}.Release|x64.ActiveCfg = Release|x64
		{8910FCE6-8562-4433-9732-D23340330FAA}.Release|x64.Build.0 = Release|x64
		{8910FCE6-8562-4433-9732-D23340330FAA}.Release|x86.ActiveCfg = Release|Win32
		{3BD8DBFB-CDD5-4E01-B559-ED0A08D83B53}.Debug|x64.ActiveCfg = Debug|x64
		{3BD8DBFB-CDD5-4E01-B559-ED0A08D83B53}.Debug|x64.Build.0 = Debug|x64
		{3BD8DBFB-CDD5-4E01-B559-ED0A08D83B53}.Debug|x86.ActiveCfg = Debug|Win32
		{3BD8DBFB-CDD5-4E01-B559-ED0A08D83B53}.Release|x64.ActiveCfg = Release|x64
		{3BD8DBFB-CDD5-4E01-B559-ED0A08D83B53}.Release|x64.Build.0 = Release|x64
		{3BD8DBFB-CDD5-4E01-B559-ED0A08D83B53}.Release|x86.ActiveCfg = Release|Win32
		{4B93A209-6933-400B-ADB8-BE215C2BBE06}.Debug|x64.ActiveCfg = Debug|x64
		{4B93A209-6933-400B-ADB8-BE215C2BBE06}.Debug|x64.Build.0 = Debug|x64
		{4B93A209-6933-400B-ADB8-BE215C2BBE06}.Debug|x86.ActiveCfg = Debug|Win32
		{4B93A209-6933-400B-ADB8-BE215C2BBE06}.Release|x64.ActiveCfg = Release|x64
		{4B93A209-6933-400B-ADB8-BE215C2BBE06}.Release|x64.Build.0 = Release|x64
		{4B93A209-6933-400B-ADB8-BE215C2BBE06}.Release|x86.ActiveCfg = Release|Win32
		{55C8795E-5BC4-44E6-B687-30520C823B31}.Debug|x64.ActiveCfg = Debug|x64
		{55C8795E-5BC4-44E6-B687-30520C823B31}.Debug|x64.Build.0 = Debug|x64
		{55C8795E-5BC4-44E6-B687-30520C823B31}.Debug|x86.ActiveCfg = Debug|Win32
		{55C8795E-5BC4-44E6-B687-30520C823B31}.Release|x64.ActiveCfg = Release|x64
		{55C8795E-5BC4-44E6-B687-30520C823B31}.Release|x64.Build.0 = Release|x64
		{55C8795E-5BC4-44E6-B687-30520C823B31}.Release|x86.ActiveCfg = Release|Win32
		{32481A72-4A76-4F54-A561-E3443A60C24E}.Debug|x64.ActiveCfg = Debug|x64
		{32481A72-4A76-4F54-A561-E3443A60C24E}.Debug|x64.Build.0 = Debug|x64
		{32481A72-4A76-4F54-A561-E3443A60C24E}.Debug|x86.ActiveCfg = Debug|Win32
		{32481A72-4A76-4F54-A561-E3443A60C24E}.Release|x64.ActiveCfg = Release|x64
		{32481A72-4A76-4F54-A561-E3443A60C24E}.Release|x64.Build.0 = Release|x64
		{32481A72-4A76-4F54-A561-E3443A60C24E}.Release|x86.ActiveCfg = Release|Win32
		{8758C7E6-5A14-4E92-8C4A-78EF19FEC813}.Debug|x64.ActiveCfg = Debug|x64
		{8758C7E6-5A14-4E92-8C4A-78EF19FEC813}.Debug|x64.Build.0 = Debug|x64
		{8758C7E6-5A14-4E92-8C4A-78EF19FEC813}.Debug|x86.ActiveCfg = Debug|Win32
		{8758C7E6-5A14-4E92-8C4A-78EF19FEC813}.Release|x64.ActiveCfg = Release|x64
		{8758C7E6-5A14-4E92-8C4A-78EF19FEC813}.Release|x64.Build.0 = Release|x64
		{8758C7E6-5A14-4E92-8C4A-78EF19FEC813}.Release|x86.ActiveCfg = Release|Win32
		{B51C12A6-D942-4C07-B66A-A875472FDF58}.Debug|x64.ActiveCfg = Debug|x64
		{B51C12A6-D942-4C07-B66A-A875472FDF58}.Debug|x64.Build.0 = Debug|x64
		{B51C12A6-D942-4C07-B66A-A875472FDF58}.Debug|x86.ActiveCfg = Debug|Win32
		{B51C12A6-D942-4C07-B66A-A875472FDF58}.Release|x64.ActiveCfg = Release|x64
		{B51C12A6-D942-4C07-B66A-A875472FDF58}.Release|x64.Build.0 = Release|x64
		{B51C12A6-D942-4C07-B66A-A875472FDF58}.Release|x86.ActiveCfg = Release|Win32
		{E5013CA3-8DEB-4FCE-87E1-95F7FD9ABDFB}.Debug|x64.ActiveCfg = Debug|x64
		{E5013CA3-8DEB-4FCE-87E1-95F7FD9ABDFB}.Debug|x64.Build.0 = Debug|x64
		{E5013CA3-8DEB-4FCE-87E1-95F7FD9ABDFB}.Debug|x86.ActiveCfg = Debug|Win32
		{E5013CA3-8DEB-4FCE-87E1-95F7FD9ABDFB}.Release|x64.ActiveCfg = Release|x64
		{E5013CA3-8DEB-4FCE-87E1-95F7FD9ABDFB}.Release|x64.Build.0 = Release|x64
		{E5013CA3-8DEB-4FCE-87E1-95F7FD9ABDFB}.Release|x86.ActiveCfg = Release|Win32
		{E0760600-3350-4E1D-8AA2-386B8F1DC735}.Debug|x64.ActiveCfg = Debug|x64
		{E0760600-3350-4E1D-8AA2-386B8F1DC735}.Debug|x64.Build.0 = Debug|x64
		{E0760600-3350-4E1D-8AA2-386B8F1DC735}.Debug|x86.ActiveCfg = Debug|Win32
		{E0760600-3350-4E1D-8AA2-386B8F1DC735}.Release|x64.ActiveCfg = Release|x64
		{E0760600-3350-4E1D-8AA2-386B8F1DC735}.Release|x64.Build.0 = Release|x64
		{E0760600-3350-4E1D-8AA2-386B8F1DC735}.Release|x86.ActiveCfg = Release|Win32
		{31F91BE5-5F1A-4371-A3A2-C0D745D29CF1}.Debug|x64.ActiveCfg = Debug|x64
		{31F91BE5-5F1A-4371-A3A2-C0D745D29CF1}.Debug|x64.Build.0 = Debug|x64
		{31F91BE5-5F1A-4371-A3A2-C0D745D29CF1}.Debug|x86.ActiveCfg = Debug|Win32
		{31F91BE5-5F1A-4371-A3A2-C0D745D29CF1}.Release|x64.ActiveCfg = Release|x64
		{31F91BE5-5F1A-4371-A3A2-C0D745D29CF1}.Release|x64.Build.0 = Release|x64
		{31F91BE5-5F1A-4371-A3A2-C0D745D29CF1}.Release|x86.ActiveCfg = Release|Win32
		{04AAF4F1-E92E-451E-B65E-E645139D2140}.Debug|x64.ActiveCfg = Debug|x64
		{04AAF4F1-E92E-451E-B65E-E645139D2140}.Debug|x64.Build.0 = Debug|x64
		{04AAF4F1-E92E-451E-B65E-E645139D2140}.Debug|x86.ActiveCfg = Debug|Win32
		{04AAF4F1-E92E-451E-B65E-E645139D2140}.Release|x64.ActiveCfg = Release|x64
		{04AAF4F1-E92E-451E-B65E-E645139D2140}.Release|x64.Build.0 = Release|x64
		{04AAF4F1-E92E-451E-B65E-E645139D2140}.Release|x86.ActiveCfg = Release|Win32
		{278A07AB-1D3D-4914-8FD8-50D1590138B6}.Debug|x64.ActiveCfg = Debug|x64
		{278A07AB-1D3D-4914-8FD8-50D1590138B6}.Debug|x64.Build.0 = Debug|x64
		{278A07AB-1D3D-4914-8FD8-50D1590138B6}.Debug|x86.ActiveCfg = Debug|Win32
		{278A07AB-1D3D-4914-8FD8-50D1590138B6}.Release|x64.ActiveCfg = Release|x64
		{278A07AB-1D3D-4914-8FD8-50D1590138B6}.Release|x64.Build.0 = Release|x64
		{278A07AB-1D3D-4914-8FD8-50D1590138B6}.Release|x86.ActiveCfg = Release|Win32
		{A6C8480E-9D70-4CDA-AC46-B2CDFE46ACA0}.Debug|x64.ActiveCfg = Debug|x64
		{A6C8480E-9D70-4CDA-AC46-B2CDFE46ACA0}.Debug|x64.Build.0 = Debug|x64
		{A6C8480E-9D70-4CDA-AC46-B2CDFE46ACA0}.Debug|x86.ActiveCfg = Debug|Win32
		{A6C8480E-9D70-4CDA-AC46-B2CDFE46ACA0}.Release|x64.ActiveCfg = Release|x64
		{A6C8480E-9D70-4CDA-AC46-B2CDFE46ACA0}.Release|x64.Build.0 = Release|x64
		{A6C8480E-9D70-4CDA-AC46-B2CDFE46ACA0}.Release|x86.ActiveCfg = Release|Win32
		{DB696749-43BB-4411-98E8-A8ABA7B6C74B}.Debug|x64.ActiveCfg = Debug|x64
		{DB696749-43BB-4411-98E8-A8ABA7B6C74B}.Debug|x64.Build.0 = Debug|x64
		{DB696749-43BB-4411-98E8-A8ABA7B6C74B}.Debug|x86.ActiveCfg = Debug|Win32
		{DB696749-43BB-4411-98E8-A8ABA7B6C74B}.Release|x64.ActiveCfg = Release|x64
		{DB696749-43BB-4411-98E8-A8ABA7B6C74B}.Release|x64.Build.0 = Release|x64
		{DB696749-43BB-4411-98E8-A8ABA7B6C74B}.Release|x86.ActiveCfg = Release|Win32
		{8B1AA9F2-F6E4-4307-9175-B0E7510D0D02}.Debug|x64.ActiveCfg = Debug|x64
		{8B1AA9F2-F6E4-4307-9175-B0E7510D0D02}.Debug|x64.Build.0 = Debug|x64
		{8B1AA9F2-F6E4-4307-9175-B0E7510D0D02}.Debug|x86.ActiveCfg = Debug|Win32
		{8B1AA9F2-F6E4-4307-9175-B0E7510D0D02}.Release|x64.ActiveCfg = Release|x64
		{8B1AA9F2-F6E4-4307-9175-B0E7510D0D02}.Release|x64.Build.0 = Release|x64
		{8B1AA9F2-F6E4-4307-9175-B0E7510D0D02}.Release|x86.ActiveCfg = Release|Win32
	EndGlobalSection
	GlobalSection(SolutionProperties) = preSolution
		HideSolutionNode = FALSE
	EndGlobalSection
	GlobalSection(ExtensibilityGlobals) = postSolution
		SolutionGuid = {395BA385-2E46-42DB-82D4-14D4742438C0}
	EndGlobalSection
EndGlobal
